<Solution>
  <Configurations>
    <BuildType Name="Default" />
    <Platform Name="Default" />
  </Configurations>
  <Folder Name="/Base de Datos/" />
  <Folder Name="/Base de Datos/SCHEMA/">
    <File Path="Base-de-datos/SCHEMA/Eliminar_todo.sql" />
    <File Path="Base-de-datos/SCHEMA/Tablas.sql" />
  </Folder>
  <Folder Name="/Base de Datos/SP/" />
  <Folder Name="/Base de Datos/SP/administracion/">
    <File Path="Base-de-datos/SP/administracion/ImportacionAdministracion.sql" />
    <File Path="Base-de-datos/SP/administracion/OperacionesAdministracion.sql" />
    <File Path="Base-de-datos/SP/administracion/OperacionesAdministracionTesting.sql" />
  </Folder>
  <Folder Name="/Base de Datos/SP/comercial/">
    <File Path="Base-de-datos/SP/comercial/OperacionesConcesion.sql" />
    <File Path="Base-de-datos/SP/comercial/OperacionesConcesion_Testing.sql" />
    <File Path="Base-de-datos/SP/comercial/OperacionesEmpresa.sql" />
    <File Path="Base-de-datos/SP/comercial/OperacionesEmpresa_Testing.sql" />
  </Folder>
  <Folder Name="/Base de Datos/SP/rrhh/">
    <File Path="Base-de-datos/SP/rrhh/OperacionesGuardaparques.sql" />
    <File Path="Base-de-datos/SP/rrhh/OperacionesGuias.sql" />
  </Folder>
  <Folder Name="/Base de Datos/SP/ventas/">
    <File Path="Base-de-datos/SP/ventas/OperacionesVentas.sql" />
    <File Path="Base-de-datos/SP/ventas/OperacionesVentasTesting.sql" />
  </Folder>
</Solution>
